
Microsoft Visual Studio Solution File, Format Version 12.00
# Visual Studio 15
VisualStudioVersion = 15.0.28307.902
MinimumVisualStudioVersion = 10.0.40219.1
Project("{FAE04EC0-301F-11D3-BF4B-00C04F79EFBC}") = "JetBlueCRS", "JetBlueCRS\JetBlueCRS.csproj", "{C8724550-565C-42A3-BAD9-22EDBC9FBD11}"
EndProject
Global
	GlobalSection(SolutionConfigurationPlatforms) = preSolution
		Debug|Any CPU = Debug|Any CPU
		Release|Any CPU = Release|Any CPU
	EndGlobalSection
	GlobalSection(ProjectConfigurationPlatforms) = postSolution
		{C8724550-565C-42A3-BAD9-22EDBC9FBD11}.Debug|Any CPU.ActiveCfg = Debug|Any CPU
		{C8724550-565C-42A3-BAD9-22EDBC9FBD11}.Debug|Any CPU.Build.0 = Debug|Any CPU
		{C8724550-565C-42A3-BAD9-22EDBC9FBD11}.Release|Any CPU.ActiveCfg = Release|Any CPU
		{C8724550-565C-42A3-BAD9-22EDBC9FBD11}.Release|Any CPU.Build.0 = Release|Any CPU
	EndGlobalSection
	GlobalSection(SolutionProperties) = preSolution
		HideSolutionNode = FALSE
	EndGlobalSection
	GlobalSection(ExtensibilityGlobals) = postSolution
		SolutionGuid = {42E90134-E525-4AD2-9139-BD3369DA6EBA}
	EndGlobalSection
EndGlobal
