
Microsoft Visual Studio Solution File, Format Version 12.00
# Visual Studio Version 16
VisualStudioVersion = 16.0.29418.71
MinimumVisualStudioVersion = 10.0.40219.1
Project("{FAE04EC0-301F-11D3-BF4B-00C04F79EFBC}") = "JetBlueCustomerRS", "JetBlueCustomerRS.csproj", "{1540F435-B12B-4C57-A1F7-5A24895E9819}"
EndProject
Global
	GlobalSection(SolutionConfigurationPlatforms) = preSolution
		Debug|Any CPU = Debug|Any CPU
		Release|Any CPU = Release|Any CPU
	EndGlobalSection
	GlobalSection(ProjectConfigurationPlatforms) = postSolution
		{1540F435-B12B-4C57-A1F7-5A24895E9819}.Debug|Any CPU.ActiveCfg = Debug|Any CPU
		{1540F435-B12B-4C57-A1F7-5A24895E9819}.Debug|Any CPU.Build.0 = Debug|Any CPU
		{1540F435-B12B-4C57-A1F7-5A24895E9819}.Release|Any CPU.ActiveCfg = Release|Any CPU
		{1540F435-B12B-4C57-A1F7-5A24895E9819}.Release|Any CPU.Build.0 = Release|Any CPU
	EndGlobalSection
	GlobalSection(SolutionProperties) = preSolution
		HideSolutionNode = FALSE
	EndGlobalSection
	GlobalSection(ExtensibilityGlobals) = postSolution
		SolutionGuid = {B1C53C8E-E288-44DE-BB9D-08645D379A29}
	EndGlobalSection
EndGlobal
